
Microsoft Visual Studio Solution File, Format Version 12.00
# Visual Studio Version 17
VisualStudioVersion = 17.9.34607.119
MinimumVisualStudioVersion = 10.0.40219.1
Project("{FAE04EC0-301F-11D3-BF4B-00C04F79EFBC}") = "tpmod07_kelompok_04", "tpmod07_kelompok_04\tpmod07_kelompok_04.csproj", "{CB8E90D6-7F08-43A3-9B2B-75C99520DDC7}"
EndProject
Global
	GlobalSection(SolutionConfigurationPlatforms) = preSolution
		Debug|Any CPU = Debug|Any CPU
		Release|Any CPU = Release|Any CPU
	EndGlobalSection
	GlobalSection(ProjectConfigurationPlatforms) = postSolution
		{CB8E90D6-7F08-43A3-9B2B-75C99520DDC7}.Debug|Any CPU.ActiveCfg = Debug|Any CPU
		{CB8E90D6-7F08-43A3-9B2B-75C99520DDC7}.Debug|Any CPU.Build.0 = Debug|Any CPU
		{CB8E90D6-7F08-43A3-9B2B-75C99520DDC7}.Release|Any CPU.ActiveCfg = Release|Any CPU
		{CB8E90D6-7F08-43A3-9B2B-75C99520DDC7}.Release|Any CPU.Build.0 = Release|Any CPU
	EndGlobalSection
	GlobalSection(SolutionProperties) = preSolution
		HideSolutionNode = FALSE
	EndGlobalSection
	GlobalSection(ExtensibilityGlobals) = postSolution
		SolutionGuid = {DC68462E-923E-4CC8-8E34-D680269D8B4F}
	EndGlobalSection
EndGlobal
